PODS:
  - Kingfisher (4.10.1)
  - MBProgressHUD (1.2.0)

DEPENDENCIES:
  - Kingfisher (~> 4.0)
  - MBProgressHUD

SPEC REPOS:
  trunk:
    - Kingfisher
    - MBProgressHUD

SPEC CHECKSUMS:
  Kingfisher: c148cd7b47ebde9989f6bc7c27dcaa79d81279a0
  MBProgressHUD: 3ee5efcc380f6a79a7cc9b363dd669c5e1ae7406

PODFILE CHECKSUM: 359a07f4af0076095d585fdba89a411acfede1e1

COCOAPODS: 1.10.2
